{
  "version": 4,
  "terraform_version": "1.11.4",
  "serial": 14,
  "lineage": "16a9a387-287b-362d-123f-23fa4596c11b",
  "outputs": {},
  "resources": [
    {
      "mode": "managed",
      "type": "azurerm_linux_virtual_machine",
      "name": "web_vm",
      "provider": "provider[\"registry.terraform.io/hashicorp/azurerm\"]",
      "instances": [
        {
          "schema_version": 0,
          "attributes": {
            "additional_capabilities": [],
            "admin_password": null,
            "admin_ssh_key": [
              {
                "public_key": "ssh-rsa AAAAB3NzaC1yc2EAAAADAQABAAACAQDGl/1dCdgPFkI0YA3DeDSPnqKZf7rySv6SOkHTR8TluEacAtzWguDKgTsS4Ur0ELmJAZV5pjYCyocFAA1FhQi/gIZvVJM1GOXlr8VMfrn5jUVz226NLsiGwOokW9ZH1+Kdkr3KyxRnbM7dcjY5PQ4djmJel/NJcFPZybJ7PY9qFhCU8a+gUOcWt8ZVNKVEs80TxIZsWpTsXfdmOu+8Tcy2emqJ2Xq0IyWC1XhrKu7QD0D9CxhQnj/uMjltKVdU0x3ZE/oDjBeGfr+YOcn+lm+CPvFyT71gw9H6KAO12cAg64B6L+3mKvntOPWOUEXhf98EMxQSZ9bSDLT+zvMszDWjo2ZkDQ+nL9PbKgS2i3IS7hcMrEtiH2O6fEVhL0BuTdu3KQXtyZ0ZmSsl0qzXN5gZ5BodTu/lMIDMmIruxk4OsiN/o5ihJ9fIAc2XQ2UGSzjmFcX/02t51u1aUxWjMH62JTz5fclwvK60biGpdsR64sCsedzeZIWqc/LMEKkDPMdji/pP0gaP1vogey6ys+uOnW+8H21gVVaybTF+VVCKae2XiJ15Ozc/ooiuxfcWFrcByW3gjA8FLUAcEo/7Uae5W395kp11c7NB03+z65oIrHphgVSfXbNQMrNViDFrzvrNd3xIozqWqP+vHM7tJJn5D94MJdTn+PWxqQlDJFp7iQ== jaget@Jameelah\r\n",
                "username": "azureuser"
              }
            ],
            "admin_username": "azureuser",
            "allow_extension_operations": true,
            "availability_set_id": "",
            "boot_diagnostics": [],
            "bypass_platform_safety_checks_on_user_schedule_enabled": false,
            "capacity_reservation_group_id": "",
            "computer_name": "dev-web-vm-xwp",
            "custom_data": "IyEvYmluL2Jhc2gKCnN1ZG8gYXB0IHVwZGF0ZQpzdWRvIGFwdCBpbnN0YWxsIC15IGdudXBnMiB3Z2V0CgpzdWRvIC11IGF6dXJldXNlciBta2RpciAtcCAvaG9tZS9henVyZXVzZXIvbWluaWNvbmRhMwpzdWRvIC11IGF6dXJldXNlciB3Z2V0IGh0dHBzOi8vcmVwby5hbmFjb25kYS5jb20vbWluaWNvbmRhL01pbmljb25kYTMtbGF0ZXN0LUxpbnV4LXg4Nl82NC5zaCAtTyAvaG9tZS9henVyZXVzZXIvbWluaWNvbmRhMy9taW5pY29uZGEuc2gKc3VkbyAtdSBhenVyZXVzZXIgYmFzaCAvaG9tZS9henVyZXVzZXIvbWluaWNvbmRhMy9taW5pY29uZGEuc2ggLWIgLXUgLXAgL2hvbWUvYXp1cmV1c2VyL21pbmljb25kYTMKc3VkbyAtdSBhenVyZXVzZXIgcm0gL2hvbWUvYXp1cmV1c2VyL21pbmljb25kYTMvbWluaWNvbmRhLnNoCgplY2hvICdleHBvcnQgUEFUSD0iL2hvbWUvYXp1cmV1c2VyL21pbmljb25kYTMvYmluOiRQQVRIIicgfCBzdWRvIC11IGF6dXJldXNlciB0ZWUgLWEgL2hvbWUvYXp1cmV1c2VyLy5iYXNocmMKCgpzdWRvIHNoIC1jICdlY2hvICJkZWIgaHR0cDovL2FwdC5wb3N0Z3Jlc3FsLm9yZy9wdWIvcmVwb3MvYXB0ICQobHNiX3JlbGVhc2UgLWNzKS1wZ2RnIG1haW4iID4gL2V0Yy9hcHQvc291cmNlcy5saXN0LmQvcGdkZy5saXN0JwpjdXJsIC1mc1NMIGh0dHBzOi8vd3d3LnBvc3RncmVzcWwub3JnL21lZGlhL2tleXMvQUNDQzRDRjguYXNjIHwgc3VkbyBncGcgLS1kZWFybW9yIC1vIC9ldGMvYXB0L3RydXN0ZWQuZ3BnLmQvcG9zdGdyZXNxbC5ncGcKc3VkbyBhcHQgdXBkYXRlCnN1ZG8gYXB0IGluc3RhbGwgLXkgcG9zdGdyZXNxbC0xNiBwb3N0Z3Jlc3FsLWNvbnRyaWItMTYgcG9zdGdyZXNxbC1jbGllbnQtMTYKc3VkbyBhcHQgaW5zdGFsbCBwb3N0Z3Jlc3FsLWNsaWVudC0xNwoKc3VkbyBzeXN0ZW1jdGwgc3RhcnQgcG9zdGdyZXNxbApzdWRvIHN5c3RlbWN0bCBlbmFibGUgcG9zdGdyZXNxbA==",
            "dedicated_host_group_id": "",
            "dedicated_host_id": "",
            "disable_password_authentication": true,
            "disk_controller_type": "SCSI",
            "edge_zone": "",
            "encryption_at_host_enabled": false,
            "eviction_policy": "",
            "extensions_time_budget": "PT1H30M",
            "gallery_application": [],
            "id": "/subscriptions/bcb97d93-5dab-4518-8e09-8c6c473a8de4/resourceGroups/dev-terraform-vm-xwp/providers/Microsoft.Compute/virtualMachines/dev-web-vm-xwp",
            "identity": [],
            "license_type": "",
            "location": "canadacentral",
            "max_bid_price": -1,
            "name": "dev-web-vm-xwp",
            "network_interface_ids": [
              "/subscriptions/bcb97d93-5dab-4518-8e09-8c6c473a8de4/resourceGroups/dev-terraform-vm-xwp/providers/Microsoft.Network/networkInterfaces/dev-web-vm-nic-xwp"
            ],
            "os_disk": [
              {
                "caching": "ReadWrite",
                "diff_disk_settings": [],
                "disk_encryption_set_id": "",
                "disk_size_gb": 30,
                "id": "/subscriptions/bcb97d93-5dab-4518-8e09-8c6c473a8de4/resourceGroups/dev-terraform-vm-xwp/providers/Microsoft.Compute/disks/dev-web-vm-xwp_disk1_c44a979f24cf4605a83cd67217f1f009",
                "name": "dev-web-vm-xwp_disk1_c44a979f24cf4605a83cd67217f1f009",
                "secure_vm_disk_encryption_set_id": "",
                "security_encryption_type": "",
                "storage_account_type": "Premium_LRS",
                "write_accelerator_enabled": false
              }
            ],
            "os_image_notification": [],
            "patch_assessment_mode": "ImageDefault",
            "patch_mode": "ImageDefault",
            "plan": [],
            "platform_fault_domain": -1,
            "priority": "Regular",
            "private_ip_address": "10.1.1.4",
            "private_ip_addresses": [
              "10.1.1.4"
            ],
            "provision_vm_agent": true,
            "proximity_placement_group_id": "",
            "public_ip_address": "4.206.140.115",
            "public_ip_addresses": [
              "4.206.140.115"
            ],
            "reboot_setting": "",
            "resource_group_name": "dev-terraform-vm-xwp",
            "secret": [],
            "secure_boot_enabled": false,
            "size": "Standard_B2ms",
            "source_image_id": "",
            "source_image_reference": [
              {
                "offer": "ubuntu-24_04-lts",
                "publisher": "canonical",
                "sku": "server",
                "version": "latest"
              }
            ],
            "tags": null,
            "termination_notification": null,
            "timeouts": null,
            "user_data": "",
            "virtual_machine_id": "60e0e397-3578-49af-80d4-457ff09ebb74",
            "virtual_machine_scale_set_id": "",
            "vm_agent_platform_updates_enabled": false,
            "vtpm_enabled": false,
            "zone": ""
          },
          "sensitive_attributes": [
            [
              {
                "type": "get_attr",
                "value": "admin_password"
              }
            ],
            [
              {
                "type": "get_attr",
                "value": "custom_data"
              }
            ]
          ],
          "private": "eyJlMmJmYjczMC1lY2FhLTExZTYtOGY4OC0zNDM2M2JjN2M0YzAiOnsiY3JlYXRlIjoyNzAwMDAwMDAwMDAwLCJkZWxldGUiOjI3MDAwMDAwMDAwMDAsInJlYWQiOjMwMDAwMDAwMDAwMCwidXBkYXRlIjoyNzAwMDAwMDAwMDAwfX0=",
          "dependencies": [
            "azurerm_network_interface.web_vm_nic",
            "azurerm_public_ip.web_vm_publicip",
            "azurerm_resource_group.rg",
            "azurerm_subnet.websubnet",
            "azurerm_virtual_network.vnet",
            "random_string.myrandom"
          ]
        }
      ]
    },
    {
      "mode": "managed",
      "type": "azurerm_network_interface",
      "name": "web_vm_nic",
      "provider": "provider[\"registry.terraform.io/hashicorp/azurerm\"]",
      "instances": [
        {
          "schema_version": 0,
          "attributes": {
            "accelerated_networking_enabled": false,
            "applied_dns_servers": [],
            "auxiliary_mode": "",
            "auxiliary_sku": "",
            "dns_servers": null,
            "edge_zone": "",
            "id": "/subscriptions/bcb97d93-5dab-4518-8e09-8c6c473a8de4/resourceGroups/dev-terraform-vm-xwp/providers/Microsoft.Network/networkInterfaces/dev-web-vm-nic-xwp",
            "internal_dns_name_label": "",
            "internal_domain_name_suffix": "kxpc2lw4mlsebda4wrtyff4mhe.ux.internal.cloudapp.net",
            "ip_configuration": [
              {
                "gateway_load_balancer_frontend_ip_configuration_id": "",
                "name": "web-vm-ip-1",
                "primary": true,
                "private_ip_address": "10.1.1.4",
                "private_ip_address_allocation": "Dynamic",
                "private_ip_address_version": "IPv4",
                "public_ip_address_id": "/subscriptions/bcb97d93-5dab-4518-8e09-8c6c473a8de4/resourceGroups/dev-terraform-vm-xwp/providers/Microsoft.Network/publicIPAddresses/dev-web-vm-publicip-xwp",
                "subnet_id": "/subscriptions/bcb97d93-5dab-4518-8e09-8c6c473a8de4/resourceGroups/dev-terraform-vm-xwp/providers/Microsoft.Network/virtualNetworks/dev-vnet-xwp/subnets/dev-vnet-xwp-default"
              }
            ],
            "ip_forwarding_enabled": false,
            "location": "canadacentral",
            "mac_address": "",
            "name": "dev-web-vm-nic-xwp",
            "private_ip_address": "10.1.1.4",
            "private_ip_addresses": [
              "10.1.1.4"
            ],
            "resource_group_name": "dev-terraform-vm-xwp",
            "tags": null,
            "timeouts": null,
            "virtual_machine_id": ""
          },
          "sensitive_attributes": [],
          "private": "eyJlMmJmYjczMC1lY2FhLTExZTYtOGY4OC0zNDM2M2JjN2M0YzAiOnsiY3JlYXRlIjoxODAwMDAwMDAwMDAwLCJkZWxldGUiOjE4MDAwMDAwMDAwMDAsInJlYWQiOjMwMDAwMDAwMDAwMCwidXBkYXRlIjoxODAwMDAwMDAwMDAwfX0=",
          "dependencies": [
            "azurerm_public_ip.web_vm_publicip",
            "azurerm_resource_group.rg",
            "azurerm_subnet.websubnet",
            "azurerm_virtual_network.vnet",
            "random_string.myrandom"
          ]
        }
      ]
    },
    {
      "mode": "managed",
      "type": "azurerm_network_security_group",
      "name": "web_subnet_nsg",
      "provider": "provider[\"registry.terraform.io/hashicorp/azurerm\"]",
      "instances": [
        {
          "schema_version": 0,
          "attributes": {
            "id": "/subscriptions/bcb97d93-5dab-4518-8e09-8c6c473a8de4/resourceGroups/dev-terraform-vm-xwp/providers/Microsoft.Network/networkSecurityGroups/dev-vnet-xwp-default-nsg",
            "location": "canadacentral",
            "name": "dev-vnet-xwp-default-nsg",
            "resource_group_name": "dev-terraform-vm-xwp",
            "security_rule": [],
            "tags": null,
            "timeouts": null
          },
          "sensitive_attributes": [],
          "private": "eyJlMmJmYjczMC1lY2FhLTExZTYtOGY4OC0zNDM2M2JjN2M0YzAiOnsiY3JlYXRlIjoxODAwMDAwMDAwMDAwLCJkZWxldGUiOjE4MDAwMDAwMDAwMDAsInJlYWQiOjMwMDAwMDAwMDAwMCwidXBkYXRlIjoxODAwMDAwMDAwMDAwfX0=",
          "dependencies": [
            "azurerm_resource_group.rg",
            "azurerm_subnet.websubnet",
            "azurerm_virtual_network.vnet",
            "random_string.myrandom"
          ]
        }
      ]
    },
    {
      "mode": "managed",
      "type": "azurerm_network_security_rule",
      "name": "web_nsg_rule_inbound",
      "provider": "provider[\"registry.terraform.io/hashicorp/azurerm\"]",
      "instances": [
        {
          "index_key": "100",
          "schema_version": 0,
          "attributes": {
            "access": "Allow",
            "description": "",
            "destination_address_prefix": "*",
            "destination_address_prefixes": null,
            "destination_application_security_group_ids": null,
            "destination_port_range": "80",
            "destination_port_ranges": null,
            "direction": "Inbound",
            "id": "/subscriptions/bcb97d93-5dab-4518-8e09-8c6c473a8de4/resourceGroups/dev-terraform-vm-xwp/providers/Microsoft.Network/networkSecurityGroups/dev-vnet-xwp-default-nsg/securityRules/Rule-Port-80",
            "name": "Rule-Port-80",
            "network_security_group_name": "dev-vnet-xwp-default-nsg",
            "priority": 100,
            "protocol": "Tcp",
            "resource_group_name": "dev-terraform-vm-xwp",
            "source_address_prefix": "*",
            "source_address_prefixes": null,
            "source_application_security_group_ids": null,
            "source_port_range": "*",
            "source_port_ranges": null,
            "timeouts": null
          },
          "sensitive_attributes": [],
          "private": "eyJlMmJmYjczMC1lY2FhLTExZTYtOGY4OC0zNDM2M2JjN2M0YzAiOnsiY3JlYXRlIjoxODAwMDAwMDAwMDAwLCJkZWxldGUiOjE4MDAwMDAwMDAwMDAsInJlYWQiOjMwMDAwMDAwMDAwMCwidXBkYXRlIjoxODAwMDAwMDAwMDAwfX0=",
          "dependencies": [
            "azurerm_network_security_group.web_subnet_nsg",
            "azurerm_resource_group.rg",
            "azurerm_subnet.websubnet",
            "azurerm_virtual_network.vnet",
            "random_string.myrandom"
          ]
        },
        {
          "index_key": "110",
          "schema_version": 0,
          "attributes": {
            "access": "Allow",
            "description": "",
            "destination_address_prefix": "*",
            "destination_address_prefixes": null,
            "destination_application_security_group_ids": null,
            "destination_port_range": "443",
            "destination_port_ranges": null,
            "direction": "Inbound",
            "id": "/subscriptions/bcb97d93-5dab-4518-8e09-8c6c473a8de4/resourceGroups/dev-terraform-vm-xwp/providers/Microsoft.Network/networkSecurityGroups/dev-vnet-xwp-default-nsg/securityRules/Rule-Port-443",
            "name": "Rule-Port-443",
            "network_security_group_name": "dev-vnet-xwp-default-nsg",
            "priority": 110,
            "protocol": "Tcp",
            "resource_group_name": "dev-terraform-vm-xwp",
            "source_address_prefix": "*",
            "source_address_prefixes": null,
            "source_application_security_group_ids": null,
            "source_port_range": "*",
            "source_port_ranges": null,
            "timeouts": null
          },
          "sensitive_attributes": [],
          "private": "eyJlMmJmYjczMC1lY2FhLTExZTYtOGY4OC0zNDM2M2JjN2M0YzAiOnsiY3JlYXRlIjoxODAwMDAwMDAwMDAwLCJkZWxldGUiOjE4MDAwMDAwMDAwMDAsInJlYWQiOjMwMDAwMDAwMDAwMCwidXBkYXRlIjoxODAwMDAwMDAwMDAwfX0=",
          "dependencies": [
            "azurerm_network_security_group.web_subnet_nsg",
            "azurerm_resource_group.rg",
            "azurerm_subnet.websubnet",
            "azurerm_virtual_network.vnet",
            "random_string.myrandom"
          ]
        },
        {
          "index_key": "120",
          "schema_version": 0,
          "attributes": {
            "access": "Allow",
            "description": "",
            "destination_address_prefix": "*",
            "destination_address_prefixes": null,
            "destination_application_security_group_ids": null,
            "destination_port_range": "22",
            "destination_port_ranges": null,
            "direction": "Inbound",
            "id": "/subscriptions/bcb97d93-5dab-4518-8e09-8c6c473a8de4/resourceGroups/dev-terraform-vm-xwp/providers/Microsoft.Network/networkSecurityGroups/dev-vnet-xwp-default-nsg/securityRules/Rule-Port-22",
            "name": "Rule-Port-22",
            "network_security_group_name": "dev-vnet-xwp-default-nsg",
            "priority": 120,
            "protocol": "Tcp",
            "resource_group_name": "dev-terraform-vm-xwp",
            "source_address_prefix": "*",
            "source_address_prefixes": null,
            "source_application_security_group_ids": null,
            "source_port_range": "*",
            "source_port_ranges": null,
            "timeouts": null
          },
          "sensitive_attributes": [],
          "private": "eyJlMmJmYjczMC1lY2FhLTExZTYtOGY4OC0zNDM2M2JjN2M0YzAiOnsiY3JlYXRlIjoxODAwMDAwMDAwMDAwLCJkZWxldGUiOjE4MDAwMDAwMDAwMDAsInJlYWQiOjMwMDAwMDAwMDAwMCwidXBkYXRlIjoxODAwMDAwMDAwMDAwfX0=",
          "dependencies": [
            "azurerm_network_security_group.web_subnet_nsg",
            "azurerm_resource_group.rg",
            "azurerm_subnet.websubnet",
            "azurerm_virtual_network.vnet",
            "random_string.myrandom"
          ]
        },
        {
          "index_key": "130",
          "schema_version": 0,
          "attributes": {
            "access": "Allow",
            "description": "",
            "destination_address_prefix": "*",
            "destination_address_prefixes": null,
            "destination_application_security_group_ids": null,
            "destination_port_range": "8501",
            "destination_port_ranges": null,
            "direction": "Inbound",
            "id": "/subscriptions/bcb97d93-5dab-4518-8e09-8c6c473a8de4/resourceGroups/dev-terraform-vm-xwp/providers/Microsoft.Network/networkSecurityGroups/dev-vnet-xwp-default-nsg/securityRules/Rule-Port-8501",
            "name": "Rule-Port-8501",
            "network_security_group_name": "dev-vnet-xwp-default-nsg",
            "priority": 130,
            "protocol": "Tcp",
            "resource_group_name": "dev-terraform-vm-xwp",
            "source_address_prefix": "*",
            "source_address_prefixes": null,
            "source_application_security_group_ids": null,
            "source_port_range": "*",
            "source_port_ranges": null,
            "timeouts": null
          },
          "sensitive_attributes": [],
          "private": "eyJlMmJmYjczMC1lY2FhLTExZTYtOGY4OC0zNDM2M2JjN2M0YzAiOnsiY3JlYXRlIjoxODAwMDAwMDAwMDAwLCJkZWxldGUiOjE4MDAwMDAwMDAwMDAsInJlYWQiOjMwMDAwMDAwMDAwMCwidXBkYXRlIjoxODAwMDAwMDAwMDAwfX0=",
          "dependencies": [
            "azurerm_network_security_group.web_subnet_nsg",
            "azurerm_resource_group.rg",
            "azurerm_subnet.websubnet",
            "azurerm_virtual_network.vnet",
            "random_string.myrandom"
          ]
        }
      ]
    },
    {
      "mode": "managed",
      "type": "azurerm_public_ip",
      "name": "web_vm_publicip",
      "provider": "provider[\"registry.terraform.io/hashicorp/azurerm\"]",
      "instances": [
        {
          "schema_version": 0,
          "attributes": {
            "allocation_method": "Static",
            "ddos_protection_mode": "VirtualNetworkInherited",
            "ddos_protection_plan_id": null,
            "domain_name_label": "app1-vm-xwp",
            "domain_name_label_scope": "",
            "edge_zone": "",
            "fqdn": "app1-vm-xwp.canadacentral.cloudapp.azure.com",
            "id": "/subscriptions/bcb97d93-5dab-4518-8e09-8c6c473a8de4/resourceGroups/dev-terraform-vm-xwp/providers/Microsoft.Network/publicIPAddresses/dev-web-vm-publicip-xwp",
            "idle_timeout_in_minutes": 4,
            "ip_address": "4.206.140.115",
            "ip_tags": null,
            "ip_version": "IPv4",
            "location": "canadacentral",
            "name": "dev-web-vm-publicip-xwp",
            "public_ip_prefix_id": null,
            "resource_group_name": "dev-terraform-vm-xwp",
            "reverse_fqdn": "",
            "sku": "Standard",
            "sku_tier": "Regional",
            "tags": null,
            "timeouts": null,
            "zones": null
          },
          "sensitive_attributes": [],
          "private": "eyJlMmJmYjczMC1lY2FhLTExZTYtOGY4OC0zNDM2M2JjN2M0YzAiOnsiY3JlYXRlIjoxODAwMDAwMDAwMDAwLCJkZWxldGUiOjE4MDAwMDAwMDAwMDAsInJlYWQiOjMwMDAwMDAwMDAwMCwidXBkYXRlIjoxODAwMDAwMDAwMDAwfX0=",
          "dependencies": [
            "azurerm_resource_group.rg",
            "random_string.myrandom"
          ]
        }
      ]
    },
    {
      "mode": "managed",
      "type": "azurerm_resource_group",
      "name": "rg",
      "provider": "provider[\"registry.terraform.io/hashicorp/azurerm\"]",
      "instances": [
        {
          "schema_version": 0,
          "attributes": {
            "id": "/subscriptions/bcb97d93-5dab-4518-8e09-8c6c473a8de4/resourceGroups/dev-terraform-vm-xwp",
            "location": "canadacentral",
            "managed_by": "",
            "name": "dev-terraform-vm-xwp",
            "tags": {
              "environment": "dev"
            },
            "timeouts": null
          },
          "sensitive_attributes": [],
          "private": "eyJlMmJmYjczMC1lY2FhLTExZTYtOGY4OC0zNDM2M2JjN2M0YzAiOnsiY3JlYXRlIjo1NDAwMDAwMDAwMDAwLCJkZWxldGUiOjU0MDAwMDAwMDAwMDAsInJlYWQiOjMwMDAwMDAwMDAwMCwidXBkYXRlIjo1NDAwMDAwMDAwMDAwfX0=",
          "dependencies": [
            "random_string.myrandom"
          ]
        }
      ]
    },
    {
      "mode": "managed",
      "type": "azurerm_subnet",
      "name": "websubnet",
      "provider": "provider[\"registry.terraform.io/hashicorp/azurerm\"]",
      "instances": [
        {
          "schema_version": 0,
          "attributes": {
            "address_prefixes": [
              "10.1.1.0/24"
            ],
            "default_outbound_access_enabled": true,
            "delegation": [],
            "id": "/subscriptions/bcb97d93-5dab-4518-8e09-8c6c473a8de4/resourceGroups/dev-terraform-vm-xwp/providers/Microsoft.Network/virtualNetworks/dev-vnet-xwp/subnets/dev-vnet-xwp-default",
            "name": "dev-vnet-xwp-default",
            "private_endpoint_network_policies": "Disabled",
            "private_link_service_network_policies_enabled": true,
            "resource_group_name": "dev-terraform-vm-xwp",
            "service_endpoint_policy_ids": null,
            "service_endpoints": null,
            "timeouts": null,
            "virtual_network_name": "dev-vnet-xwp"
          },
          "sensitive_attributes": [],
          "private": "eyJlMmJmYjczMC1lY2FhLTExZTYtOGY4OC0zNDM2M2JjN2M0YzAiOnsiY3JlYXRlIjoxODAwMDAwMDAwMDAwLCJkZWxldGUiOjE4MDAwMDAwMDAwMDAsInJlYWQiOjMwMDAwMDAwMDAwMCwidXBkYXRlIjoxODAwMDAwMDAwMDAwfX0=",
          "dependencies": [
            "azurerm_resource_group.rg",
            "azurerm_virtual_network.vnet",
            "random_string.myrandom"
          ]
        }
      ]
    },
    {
      "mode": "managed",
      "type": "azurerm_subnet_network_security_group_association",
      "name": "web_subnet_nsg_associate",
      "provider": "provider[\"registry.terraform.io/hashicorp/azurerm\"]",
      "instances": [
        {
          "schema_version": 0,
          "attributes": {
            "id": "/subscriptions/bcb97d93-5dab-4518-8e09-8c6c473a8de4/resourceGroups/dev-terraform-vm-xwp/providers/Microsoft.Network/virtualNetworks/dev-vnet-xwp/subnets/dev-vnet-xwp-default",
            "network_security_group_id": "/subscriptions/bcb97d93-5dab-4518-8e09-8c6c473a8de4/resourceGroups/dev-terraform-vm-xwp/providers/Microsoft.Network/networkSecurityGroups/dev-vnet-xwp-default-nsg",
            "subnet_id": "/subscriptions/bcb97d93-5dab-4518-8e09-8c6c473a8de4/resourceGroups/dev-terraform-vm-xwp/providers/Microsoft.Network/virtualNetworks/dev-vnet-xwp/subnets/dev-vnet-xwp-default",
            "timeouts": null
          },
          "sensitive_attributes": [],
          "private": "eyJlMmJmYjczMC1lY2FhLTExZTYtOGY4OC0zNDM2M2JjN2M0YzAiOnsiY3JlYXRlIjoxODAwMDAwMDAwMDAwLCJkZWxldGUiOjE4MDAwMDAwMDAwMDAsInJlYWQiOjMwMDAwMDAwMDAwMH19",
          "dependencies": [
            "azurerm_network_security_group.web_subnet_nsg",
            "azurerm_network_security_rule.web_nsg_rule_inbound",
            "azurerm_resource_group.rg",
            "azurerm_subnet.websubnet",
            "azurerm_virtual_network.vnet",
            "random_string.myrandom"
          ]
        }
      ]
    },
    {
      "mode": "managed",
      "type": "azurerm_virtual_network",
      "name": "vnet",
      "provider": "provider[\"registry.terraform.io/hashicorp/azurerm\"]",
      "instances": [
        {
          "schema_version": 0,
          "attributes": {
            "address_space": [
              "10.1.0.0/16"
            ],
            "bgp_community": "",
            "ddos_protection_plan": [],
            "dns_servers": [],
            "edge_zone": "",
            "encryption": [],
            "flow_timeout_in_minutes": 0,
            "guid": "2e2ede55-62de-40e4-8c1e-b4678297cc3c",
            "id": "/subscriptions/bcb97d93-5dab-4518-8e09-8c6c473a8de4/resourceGroups/dev-terraform-vm-xwp/providers/Microsoft.Network/virtualNetworks/dev-vnet-xwp",
            "location": "canadacentral",
            "name": "dev-vnet-xwp",
            "private_endpoint_vnet_policies": "Disabled",
            "resource_group_name": "dev-terraform-vm-xwp",
            "subnet": [],
            "tags": {
              "environment": "dev"
            },
            "timeouts": null
          },
          "sensitive_attributes": [],
          "private": "eyJlMmJmYjczMC1lY2FhLTExZTYtOGY4OC0zNDM2M2JjN2M0YzAiOnsiY3JlYXRlIjoxODAwMDAwMDAwMDAwLCJkZWxldGUiOjE4MDAwMDAwMDAwMDAsInJlYWQiOjMwMDAwMDAwMDAwMCwidXBkYXRlIjoxODAwMDAwMDAwMDAwfX0=",
          "dependencies": [
            "azurerm_resource_group.rg",
            "random_string.myrandom"
          ]
        }
      ]
    },
    {
      "mode": "managed",
      "type": "random_string",
      "name": "myrandom",
      "provider": "provider[\"registry.terraform.io/hashicorp/random\"]",
      "instances": [
        {
          "schema_version": 2,
          "attributes": {
            "id": "xwp",
            "keepers": null,
            "length": 3,
            "lower": true,
            "min_lower": 0,
            "min_numeric": 0,
            "min_special": 0,
            "min_upper": 0,
            "number": true,
            "numeric": true,
            "override_special": null,
            "result": "xwp",
            "special": false,
            "upper": false
          },
          "sensitive_attributes": []
        }
      ]
    }
  ],
  "check_results": null
}
